{
    "_meta": {
        "hash": {
            "sha256": "eaa0c4c11d1a598e0ff192d6d60c1eb3a9a497db63ff9db8d0ec74fc9f2cdb26"
        },
        "pipfile-spec": 6,
        "requires": {
            "python_version": "3.11"
        },
        "sources": [
            {
                "name": "pypi",
                "url": "https://pypi.org/simple",
                "verify_ssl": true
            }
        ]
    },
    "default": {
        "alabaster": {
            "hashes": [
                "sha256:75a8b99c28a5dad50dd7f8ccdd447a121ddb3892da9e53d1ca5cca3106d58d65",
                "sha256:b46733c07dce03ae4e150330b975c75737fa60f0a7c591b6c8bf4928a28e2c92"
            ],
            "markers": "python_version >= '3.9'",
            "version": "==0.7.16"
        },
        "babel": {
            "hashes": [
                "sha256:6919867db036398ba21eb5c7a0f6b28ab8cbc3ae7a73a44ebe34ae74a4e7d363",
                "sha256:efb1a25b7118e67ce3a259bed20545c29cb68be8ad2c784c83689981b7a57287"
            ],
            "markers": "python_version >= '3.7'",
            "version": "==2.14.0"
        },
        "beautifulsoup4": {
            "hashes": [
                "sha256:74e3d1928edc070d21748185c46e3fb33490f22f52a3addee9aee0f4f7781051",
                "sha256:b80878c9f40111313e55da8ba20bdba06d8fa3969fc68304167741bbf9e082ed"
            ],
            "markers": "python_full_version >= '3.6.0'",
            "version": "==4.12.3"
        },
        "certifi": {
            "hashes": [
                "sha256:0569859f95fc761b18b45ef421b1290a0f65f147e92a1e5eb3e635f9a5e4e66f",
                "sha256:dc383c07b76109f368f6106eee2b593b04a011ea4d55f652c6ca24a754d1cdd1"
            ],
            "markers": "python_version >= '3.6'",
            "version": "==2024.2.2"
        },
        "charset-normalizer": {
            "hashes": [
                "sha256:3e4d1f6587322d2788836a99c69062fbb091331ec940e02d12d179c1d53e25fc",
                "sha256:549a3a73da901d5bc3ce8d24e0600d1fa85524c10287f6004fbab87672bf3e1e",
                "sha256:802fe99cca7457642125a8a88a084cef28ff0cf9407060f7b93dca5aa25480db",
                "sha256:f30c3cb33b24454a82faecaf01b19c18562b1e89558fb6c56de4d9118a032fd5"
            ],
            "markers": "python_full_version >= '3.7.0'",
            "version": "==3.3.2"
        },
        "docutils": {
            "hashes": [
                "sha256:3a6b18732edf182daa3cd12775bbb338cf5691468f91eeeb109deff6ebfa986f",
                "sha256:dafca5b9e384f0e419294eb4d2ff9fa826435bf15f15b7bd45723e8ad76811b2"
            ],
            "markers": "python_version >= '3.9'",
            "version": "==0.21.2"
        },
        "furo": {
            "hashes": [
                "sha256:15a9b65269038def2cefafb86c71c6616e3969b8f07ba231f588c10c4aee6d88",
                "sha256:f7eb1b2c2204fd9cbd4af42e027289a67f17a98a4e14f4f9e2f17b96d61bb020"
            ],
            "index": "pypi",
            "markers": "python_version >= '3.8'",
            "version": "==2024.4.27"
        },
        "idna": {
            "hashes": [
                "sha256:028ff3aadf0609c1fd278d8ea3089299412a7a8b9bd005dd08b9f8285bcb5cfc",
                "sha256:82fee1fc78add43492d3a1898bfa6d8a904cc97d8427f683ed8e798d07761aa0"
            ],
            "markers": "python_version >= '3.5'",
            "version": "==3.7"
        },
        "imagesize": {
            "hashes": [
                "sha256:0d8d18d08f840c19d0ee7ca1fd82490fdc3729b7ac93f49870406ddde8ef8d8b",
                "sha256:69150444affb9cb0d5cc5a92b3676f0b2fb7cd9ae39e947a5e11a36b4497cd4a"
            ],
            "markers": "python_version >= '2.7' and python_version not in '3.0, 3.1, 3.2, 3.3'",
            "version": "==1.4.1"
        },
        "jinja2": {
            "hashes": [
                "sha256:7d6d50dd97d52cbc355597bd845fabfbac3f551e1f99619e39a35ce8c370b5fa",
                "sha256:ac8bd6544d4bb2c9792bf3a159e80bba8fda7f07e81bc3aed565432d5925ba90"
            ],
            "markers": "python_version >= '3.7'",
            "version": "==3.1.3"
        },
        "markupsafe": {
            "hashes": [
                "sha256:629ddd2ca402ae6dbedfceeba9c46d5f7b2a61d9749597d4307f943ef198fc1f",
                "sha256:d283d37a890ba4c1ae73ffadf8046435c76e7bc2247bbb63c00bd1a709c6544b"
            ],
            "markers": "python_version >= '3.7'",
            "version": "==2.1.5"
        },
        "packaging": {
            "hashes": [
                "sha256:2ddfb553fdf02fb784c234c7ba6ccc288296ceabec964ad2eae3777778130bc5",
                "sha256:eb82c5e3e56209074766e6885bb04b8c38a0c015d0a30036ebe7ece34c9989e9"
            ],
            "markers": "python_version >= '3.7'",
            "version": "==24.0"
        },
        "pygments": {
            "hashes": [
                "sha256:b27c2826c47d0f3219f29554824c30c5e8945175d888647acd804ddd04af846c",
                "sha256:da46cec9fd2de5be3a8a784f434e4c4ab670b4ff54d605c4c2717e9d49c4c367"
            ],
            "markers": "python_version >= '3.7'",
            "version": "==2.17.2"
        },
        "requests": {
            "hashes": [
                "sha256:58cd2187c01e70e6e26505bca751777aa9f2ee0b7f4300988b709f44e013003f",
                "sha256:942c5a758f98d790eaed1a29cb6eefc7ffb0d1cf7af05c3d2791656dbd6ad1e1"
            ],
            "markers": "python_version >= '3.7'",
            "version": "==2.31.0"
        },
        "snowballstemmer": {
            "hashes": [
                "sha256:09b16deb8547d3412ad7b590689584cd0fe25ec8db3be37788be3810cbf19cb1",
                "sha256:c8e1716e83cc398ae16824e5572ae04e0d9fc2c6b985fb0f900f5f0c96ecba1a"
            ],
            "version": "==2.2.0"
        },
        "soupsieve": {
            "hashes": [
                "sha256:5663d5a7b3bfaeee0bc4372e7fc48f9cff4940b3eec54a6451cc5299f1097690",
                "sha256:eaa337ff55a1579b6549dc679565eac1e3d000563bcb1c8ab0d0fefbc0c2cdc7"
            ],
            "markers": "python_version >= '3.8'",
            "version": "==2.5"
        },
        "sphinx": {
            "hashes": [
                "sha256:413f75440be4cacf328f580b4274ada4565fb2187d696a84970c23f77b64d8c3",
                "sha256:a4a7db75ed37531c05002d56ed6948d4c42f473a36f46e1382b0bd76ca9627bc"
            ],
            "index": "pypi",
            "markers": "python_version >= '3.9'",
            "version": "==7.3.7"
        },
        "sphinx-basic-ng": {
            "hashes": [
                "sha256:9ec55a47c90c8c002b5960c57492ec3021f5193cb26cebc2dc4ea226848651c9",
                "sha256:eb09aedbabfb650607e9b4b68c9d240b90b1e1be221d6ad71d61c52e29f7932b"
            ],
            "markers": "python_version >= '3.7'",
            "version": "==1.0.0b2"
        },
        "sphinx-copybutton": {
            "hashes": [
                "sha256:4cf17c82fb9646d1bc9ca92ac280813a3b605d8c421225fd9913154103ee1fbd",
                "sha256:fb543fd386d917746c9a2c50360c7905b605726b9355cd26e9974857afeae06e"
            ],
            "index": "pypi",
            "markers": "python_version >= '3.7'",
            "version": "==0.5.2"
        },
        "sphinx-notfound-page": {
            "hashes": [
                "sha256:14cd388956de5cdf8710ab4ff31776ef8d85759c4f46014ee30f368e83bd3a3b",
                "sha256:40a5741a6b07245a08fe55dbbd603ad6719e191b1419ab2e5337c706ebd16554"
            ],
            "index": "pypi",
            "markers": "python_version >= '3.8'",
            "version": "==1.0.0"
        },
        "sphinx-sitemap-lextudio": {
            "hashes": [
                "sha256:686f3c542812169330ca5c336557820047cb17cc8d7ad9838d9329d73648cfad",
                "sha256:e4cc4e79efc41a0bb548442562fb419465b156b296ec99d16c48f54862b499e1"
            ],
            "index": "pypi",
            "version": "==2.5.2"
        },
        "sphinxcontrib-applehelp": {
            "hashes": [
                "sha256:c40a4f96f3776c4393d933412053962fac2b84f4c99a7982ba42e09576a70619",
                "sha256:cb61eb0ec1b61f349e5cc36b2028e9e7ca765be05e49641c97241274753067b4"
            ],
            "markers": "python_version >= '3.9'",
            "version": "==1.0.8"
        },
        "sphinxcontrib-devhelp": {
            "hashes": [
                "sha256:6485d09629944511c893fa11355bda18b742b83a2b181f9a009f7e500595c90f",
                "sha256:9893fd3f90506bc4b97bdb977ceb8fbd823989f4316b28c3841ec128544372d3"
            ],
            "markers": "python_version >= '3.9'",
            "version": "==1.0.6"
        },
        "sphinxcontrib-htmlhelp": {
            "hashes": [
                "sha256:0dc87637d5de53dd5eec3a6a01753b1ccf99494bd756aafecd74b4fa9e729015",
                "sha256:393f04f112b4d2f53d93448d4bce35842f62b307ccdc549ec1585e950bc35e04"
            ],
            "markers": "python_version >= '3.9'",
            "version": "==2.0.5"
        },
        "sphinxcontrib-jsmath": {
            "hashes": [
                "sha256:2ec2eaebfb78f3f2078e73666b1415417a116cc848b72e5172e596c871103178",
                "sha256:a9925e4a4587247ed2191a22df5f6970656cb8ca2bd6284309578f2153e0c4b8"
            ],
            "markers": "python_version >= '3.5'",
            "version": "==1.0.1"
        },
        "sphinxcontrib-qthelp": {
            "hashes": [
                "sha256:053dedc38823a80a7209a80860b16b722e9e0209e32fea98c90e4e6624588ed6",
                "sha256:e2ae3b5c492d58fcbd73281fbd27e34b8393ec34a073c792642cd8e529288182"
            ],
            "markers": "python_version >= '3.9'",
            "version": "==1.0.7"
        },
        "sphinxcontrib-serializinghtml": {
            "hashes": [
                "sha256:326369b8df80a7d2d8d7f99aa5ac577f51ea51556ed974e7716cfd4fca3f6cb7",
                "sha256:93f3f5dc458b91b192fe10c397e324f262cf163d79f3282c158e8436a2c4511f"
            ],
            "markers": "python_version >= '3.9'",
            "version": "==1.1.10"
        },
        "urllib3": {
            "hashes": [
                "sha256:450b20ec296a467077128bff42b73080516e71b56ff59a60a02bef2232c4fa9d",
                "sha256:d0570876c61ab9e520d776c38acbbb5b05a776d3f9ff98a5c8fd5162a444cf19"
            ],
            "markers": "python_version >= '3.8'",
            "version": "==2.2.1"
        }
    },
    "develop": {}
}
